// !$*UTF8*$!
{
	archiveVersion = 1;
	classes = {
	};
	objectVersion = 46;
	objects = {

/* Begin PBXBuildFile section */
		1F7F160B1CE0DCA900BFBB57 /* AppDelegate.swift in Sources */ = {isa = PBXBuildFile; fileRef = 1F7F160A1CE0DCA900BFBB57 /* AppDelegate.swift */; };
		1F7F160D1CE0DCA900BFBB57 /* ViewController.swift in Sources */ = {isa = PBXBuildFile; fileRef = 1F7F160C1CE0DCA900BFBB57 /* ViewController.swift */; };
		1F7F16101CE0DCA900BFBB57 /* Main.storyboard in Resources */ = {isa = PBXBuildFile; fileRef = 1F7F160E1CE0DCA900BFBB57 /* Main.storyboard */; };
		1F7F16131CE0DCA900BFBB57 /* Recipez.xcdatamodeld in Sources */ = {isa = PBXBuildFile; fileRef = 1F7F16111CE0DCA900BFBB57 /* Recipez.xcdatamodeld */; };
		1F7F16151CE0DCA900BFBB57 /* Assets.xcassets in Resources */ = {isa = PBXBuildFile; fileRef = 1F7F16141CE0DCA900BFBB57 /* Assets.xcassets */; };
		1F7F16181CE0DCA900BFBB57 /* LaunchScreen.storyboard in Resources */ = {isa = PBXBuildFile; fileRef = 1F7F16161CE0DCA900BFBB57 /* LaunchScreen.storyboard */; };
		1F7F16241CE0FECA00BFBB57 /* Recipe+CoreDataProperties.swift in Sources */ = {isa = PBXBuildFile; fileRef = 1F7F16221CE0FECA00BFBB57 /* Recipe+CoreDataProperties.swift */; };
		1F7F16251CE0FECA00BFBB57 /* Recipe.swift in Sources */ = {isa = PBXBuildFile; fileRef = 1F7F16231CE0FECA00BFBB57 /* Recipe.swift */; };
		1F7F16271CE106A600BFBB57 /* RecipeCell.swift in Sources */ = {isa = PBXBuildFile; fileRef = 1F7F16261CE106A600BFBB57 /* RecipeCell.swift */; };
		1F7F16291CE126A800BFBB57 /* CreateRecipeVC.swift in Sources */ = {isa = PBXBuildFile; fileRef = 1F7F16281CE126A800BFBB57 /* CreateRecipeVC.swift */; };
/* End PBXBuildFile section */

/* Begin PBXFileReference section */
		1F7F16071CE0DCA900BFBB57 /* Recipez.app */ = {isa = PBXFileReference; explicitFileType = wrapper.application; includeInIndex = 0; path = Recipez.app; sourceTree = BUILT_PRODUCTS_DIR; };
		1F7F160A1CE0DCA900BFBB57 /* AppDelegate.swift */ = {isa = PBXFileReference; lastKnownFileType = sourcecode.swift; path = AppDelegate.swift; sourceTree = "<group>"; };
		1F7F160C1CE0DCA900BFBB57 /* ViewController.swift */ = {isa = PBXFileReference; lastKnownFileType = sourcecode.swift; path = ViewController.swift; sourceTree = "<group>"; };
		1F7F160F1CE0DCA900BFBB57 /* Base */ = {isa = PBXFileReference; lastKnownFileType = file.storyboard; name = Base; path = Base.lproj/Main.storyboard; sourceTree = "<group>"; };
		1F7F16121CE0DCA900BFBB57 /* Recipez.xcdatamodel */ = {isa = PBXFileReference; lastKnownFileType = wrapper.xcdatamodel; path = Recipez.xcdatamodel; sourceTree = "<group>"; };
		1F7F16141CE0DCA900BFBB57 /* Assets.xcassets */ = {isa = PBXFileReference; lastKnownFileType = folder.assetcatalog; path = Assets.xcassets; sourceTree = "<group>"; };
		1F7F16171CE0DCA900BFBB57 /* Base */ = {isa = PBXFileReference; lastKnownFileType = file.storyboard; name = Base; path = Base.lproj/LaunchScreen.storyboard; sourceTree = "<group>"; };
		1F7F16191CE0DCA900BFBB57 /* Info.plist */ = {isa = PBXFileReference; lastKnownFileType = text.plist.xml; path = Info.plist; sourceTree = "<group>"; };
		1F7F16221CE0FECA00BFBB57 /* Recipe+CoreDataProperties.swift */ = {isa = PBXFileReference; fileEncoding = 4; lastKnownFileType = sourcecode.swift; name = "Recipe+CoreDataProperties.swift"; path = "../Recipe+CoreDataProperties.swift"; sourceTree = "<group>"; };
		1F7F16231CE0FECA00BFBB57 /* Recipe.swift */ = {isa = PBXFileReference; fileEncoding = 4; lastKnownFileType = sourcecode.swift; name = Recipe.swift; path = ../Recipe.swift; sourceTree = "<group>"; };
		1F7F16261CE106A600BFBB57 /* RecipeCell.swift */ = {isa = PBXFileReference; fileEncoding = 4; lastKnownFileType = sourcecode.swift; path = RecipeCell.swift; sourceTree = "<group>"; };
		1F7F16281CE126A800BFBB57 /* CreateRecipeVC.swift */ = {isa = PBXFileReference; fileEncoding = 4; lastKnownFileType = sourcecode.swift; path = CreateRecipeVC.swift; sourceTree = "<group>"; };
/* End PBXFileReference section */

/* Begin PBXFrameworksBuildPhase section */
		1F7F16041CE0DCA900BFBB57 /* Frameworks */ = {
			isa = PBXFrameworksBuildPhase;
			buildActionMask = 2147483647;
			files = (
			);
			runOnlyForDeploymentPostprocessing = 0;
		};
/* End PBXFrameworksBuildPhase section */

/* Begin PBXGroup section */
		1F7F15FE1CE0DCA900BFBB57 = {
			isa = PBXGroup;
			children = (
				1F7F16091CE0DCA900BFBB57 /* Recipez */,
				1F7F16081CE0DCA900BFBB57 /* Products */,
			);
			sourceTree = "<group>";
		};
		1F7F16081CE0DCA900BFBB57 /* Products */ = {
			isa = PBXGroup;
			children = (
				1F7F16071CE0DCA900BFBB57 /* Recipez.app */,
			);
			name = Products;
			sourceTree = "<group>";
		};
		1F7F16091CE0DCA900BFBB57 /* Recipez */ = {
			isa = PBXGroup;
			children = (
				1F7F16211CE0FE2E00BFBB57 /* Controller */,
				1F7F16201CE0FE2A00BFBB57 /* View */,
				1F7F161F1CE0FE2100BFBB57 /* Model */,
				1F7F160A1CE0DCA900BFBB57 /* AppDelegate.swift */,
				1F7F160E1CE0DCA900BFBB57 /* Main.storyboard */,
				1F7F16141CE0DCA900BFBB57 /* Assets.xcassets */,
				1F7F16161CE0DCA900BFBB57 /* LaunchScreen.storyboard */,
				1F7F16191CE0DCA900BFBB57 /* Info.plist */,
				1F7F16111CE0DCA900BFBB57 /* Recipez.xcdatamodeld */,
			);
			path = Recipez;
			sourceTree = "<group>";
		};
		1F7F161F1CE0FE2100BFBB57 /* Model */ = {
			isa = PBXGroup;
			children = (
				1F7F16221CE0FECA00BFBB57 /* Recipe+CoreDataProperties.swift */,
				1F7F16231CE0FECA00BFBB57 /* Recipe.swift */,
			);
			name = Model;
			sourceTree = "<group>";
		};
		1F7F16201CE0FE2A00BFBB57 /* View */ = {
			isa = PBXGroup;
			children = (
				1F7F16261CE106A600BFBB57 /* RecipeCell.swift */,
			);
			name = View;
			sourceTree = "<group>";
		};
		1F7F16211CE0FE2E00BFBB57 /* Controller */ = {
			isa = PBXGroup;
			children = (
				1F7F160C1CE0DCA900BFBB57 /* ViewController.swift */,
				1F7F16281CE126A800BFBB57 /* CreateRecipeVC.swift */,
			);
			name = Controller;
			sourceTree = "<group>";
		};
/* End PBXGroup section */

/* Begin PBXNativeTarget section */
		1F7F16061CE0DCA900BFBB57 /* Recipez */ = {
			isa = PBXNativeTarget;
			buildConfigurationList = 1F7F161C1CE0DCA900BFBB57 /* Build configuration list for PBXNativeTarget "Recipez" */;
			buildPhases = (
				1F7F16031CE0DCA900BFBB57 /* Sources */,
				1F7F16041CE0DCA900BFBB57 /* Frameworks */,
				1F7F16051CE0DCA900BFBB57 /* Resources */,
			);
			buildRules = (
			);
			dependencies = (
			);
			name = Recipez;
			productName = Recipez;
			productReference = 1F7F16071CE0DCA900BFBB57 /* Recipez.app */;
			productType = "com.apple.product-type.application";
		};
/* End PBXNativeTarget section */

/* Begin PBXProject section */
		1F7F15FF1CE0DCA900BFBB57 /* Project object */ = {
			isa = PBXProject;
			attributes = {
				LastSwiftUpdateCheck = 0730;
				LastUpgradeCheck = 0800;
				ORGANIZATIONNAME = devPro;
				TargetAttributes = {
					1F7F16061CE0DCA900BFBB57 = {
						CreatedOnToolsVersion = 7.3;
						DevelopmentTeam = T5X6AQ5A7M;
						LastSwiftMigration = 0800;
					};
				};
			};
			buildConfigurationList = 1F7F16021CE0DCA900BFBB57 /* Build configuration list for PBXProject "Recipez" */;
			compatibilityVersion = "Xcode 3.2";
			developmentRegion = English;
			hasScannedForEncodings = 0;
			knownRegions = (
				en,
				Base,
			);
			mainGroup = 1F7F15FE1CE0DCA900BFBB57;
			productRefGroup = 1F7F16081CE0DCA900BFBB57 /* Products */;
			projectDirPath = "";
			projectRoot = "";
			targets = (
				1F7F16061CE0DCA900BFBB57 /* Recipez */,
			);
		};
/* End PBXProject section */

/* Begin PBXResourcesBuildPhase section */
		1F7F16051CE0DCA900BFBB57 /* Resources */ = {
			isa = PBXResourcesBuildPhase;
			buildActionMask = 2147483647;
			files = (
				1F7F16181CE0DCA900BFBB57 /* LaunchScreen.storyboard in Resources */,
				1F7F16151CE0DCA900BFBB57 /* Assets.xcassets in Resources */,
				1F7F16101CE0DCA900BFBB57 /* Main.storyboard in Resources */,
			);
			runOnlyForDeploymentPostprocessing = 0;
		};
/* End PBXResourcesBuildPhase section */

/* Begin PBXSourcesBuildPhase section */
		1F7F16031CE0DCA900BFBB57 /* Sources */ = {
			isa = PBXSourcesBuildPhase;
			buildActionMask = 2147483647;
			files = (
				1F7F160D1CE0DCA900BFBB57 /* ViewController.swift in Sources */,
				1F7F16241CE0FECA00BFBB57 /* Recipe+CoreDataProperties.swift in Sources */,
				1F7F160B1CE0DCA900BFBB57 /* AppDelegate.swift in Sources */,
				1F7F16271CE106A600BFBB57 /* RecipeCell.swift in Sources */,
				1F7F16291CE126A800BFBB57 /* CreateRecipeVC.swift in Sources */,
				1F7F16131CE0DCA900BFBB57 /* Recipez.xcdatamodeld in Sources */,
				1F7F16251CE0FECA00BFBB57 /* Recipe.swift in Sources */,
			);
			runOnlyForDeploymentPostprocessing = 0;
		};
/* End PBXSourcesBuildPhase section */

/* Begin PBXVariantGroup section */
		1F7F160E1CE0DCA900BFBB57 /* Main.storyboard */ = {
			isa = PBXVariantGroup;
			children = (
				1F7F160F1CE0DCA900BFBB57 /* Base */,
			);
			name = Main.storyboard;
			sourceTree = "<group>";
		};
		1F7F16161CE0DCA900BFBB57 /* LaunchScreen.storyboard */ = {
			isa = PBXVariantGroup;
			children = (
				1F7F16171CE0DCA900BFBB57 /* Base */,
			);
			name = LaunchScreen.storyboard;
			sourceTree = "<group>";
		};
/* End PBXVariantGroup section */

/* Begin XCBuildConfiguration section */
		1F7F161A1CE0DCA900BFBB57 /* Debug */ = {
			isa = XCBuildConfiguration;
			buildSettings = {
				ALWAYS_SEARCH_USER_PATHS = NO;
				CLANG_ANALYZER_NONNULL = YES;
				CLANG_CXX_LANGUAGE_STANDARD = "gnu++0x";
				CLANG_CXX_LIBRARY = "libc++";
				CLANG_ENABLE_MODULES = YES;
				CLANG_ENABLE_OBJC_ARC = YES;
				CLANG_WARN_BOOL_CONVERSION = YES;
				CLANG_WARN_CONSTANT_CONVERSION = YES;
				CLANG_WARN_DIRECT_OBJC_ISA_USAGE = YES_ERROR;
				CLANG_WARN_EMPTY_BODY = YES;
				CLANG_WARN_ENUM_CONVERSION = YES;
				CLANG_WARN_INFINITE_RECURSION = YES;
				CLANG_WARN_INT_CONVERSION = YES;
				CLANG_WARN_OBJC_ROOT_CLASS = YES_ERROR;
				CLANG_WARN_SUSPICIOUS_MOVE = YES;
				CLANG_WARN_UNREACHABLE_CODE = YES;
				CLANG_WARN__DUPLICATE_METHOD_MATCH = YES;
				"CODE_SIGN_IDENTITY[sdk=iphoneos*]" = "iPhone Developer";
				COPY_PHASE_STRIP = NO;
				DEBUG_INFORMATION_FORMAT = dwarf;
				ENABLE_STRICT_OBJC_MSGSEND = YES;
				ENABLE_TESTABILITY = YES;
				GCC_C_LANGUAGE_STANDARD = gnu99;
				GCC_DYNAMIC_NO_PIC = NO;
				GCC_NO_COMMON_BLOCKS = YES;
				GCC_OPTIMIZATION_LEVEL = 0;
				GCC_PREPROCESSOR_DEFINITIONS = (
					"DEBUG=1",
					"$(inherited)",
				);
				GCC_WARN_64_TO_32_BIT_CONVERSION = YES;
				GCC_WARN_ABOUT_RETURN_TYPE = YES_ERROR;
				GCC_WARN_UNDECLARED_SELECTOR = YES;
				GCC_WARN_UNINITIALIZED_AUTOS = YES_AGGRESSIVE;
				GCC_WARN_UNUSED_FUNCTION = YES;
				GCC_WARN_UNUSED_VARIABLE = YES;
				IPHONEOS_DEPLOYMENT_TARGET = 9.3;
				MTL_ENABLE_DEBUG_INFO = YES;
				ONLY_ACTIVE_ARCH = YES;
				SDKROOT = iphoneos;
				SWIFT_OPTIMIZATION_LEVEL = "-Onone";
				TARGETED_DEVICE_FAMILY = "1,2";
			};
			name = Debug;
		};
		1F7F161B1CE0DCA900BFBB57 /* Release */ = {
			isa = XCBuildConfiguration;
			buildSettings = {
				ALWAYS_SEARCH_USER_PATHS = NO;
				CLANG_ANALYZER_NONNULL = YES;
				CLANG_CXX_LANGUAGE_STANDARD = "gnu++0x";
				CLANG_CXX_LIBRARY = "libc++";
				CLANG_ENABLE_MODULES = YES;
				CLANG_ENABLE_OBJC_ARC = YES;
				CLANG_WARN_BOOL_CONVERSION = YES;
				CLANG_WARN_CONSTANT_CONVERSION = YES;
				CLANG_WARN_DIRECT_OBJC_ISA_USAGE = YES_ERROR;
				CLANG_WARN_EMPTY_BODY = YES;
				CLANG_WARN_ENUM_CONVERSION = YES;
				CLANG_WARN_INFINITE_RECURSION = YES;
				CLANG_WARN_INT_CONVERSION = YES;
				CLANG_WARN_OBJC_ROOT_CLASS = YES_ERROR;
				CLANG_WARN_SUSPICIOUS_MOVE = YES;
				CLANG_WARN_UNREACHABLE_CODE = YES;
				CLANG_WARN__DUPLICATE_METHOD_MATCH = YES;
				"CODE_SIGN_IDENTITY[sdk=iphoneos*]" = "iPhone Developer";
				COPY_PHASE_STRIP = NO;
				DEBUG_INFORMATION_FORMAT = "dwarf-with-dsym";
				ENABLE_NS_ASSERTIONS = NO;
				ENABLE_STRICT_OBJC_MSGSEND = YES;
				GCC_C_LANGUAGE_STANDARD = gnu99;
				GCC_NO_COMMON_BLOCKS = YES;
				GCC_WARN_64_TO_32_BIT_CONVERSION = YES;
				GCC_WARN_ABOUT_RETURN_TYPE = YES_ERROR;
				GCC_WARN_UNDECLARED_SELECTOR = YES;
				GCC_WARN_UNINITIALIZED_AUTOS = YES_AGGRESSIVE;
				GCC_WARN_UNUSED_FUNCTION = YES;
				GCC_WARN_UNUSED_VARIABLE = YES;
				IPHONEOS_DEPLOYMENT_TARGET = 9.3;
				MTL_ENABLE_DEBUG_INFO = NO;
				SDKROOT = iphoneos;
				SWIFT_OPTIMIZATION_LEVEL = "-Owholemodule";
				TARGETED_DEVICE_FAMILY = "1,2";
				VALIDATE_PRODUCT = YES;
			};
			name = Release;
		};
		1F7F161D1CE0DCA900BFBB57 /* Debug */ = {
			isa = XCBuildConfiguration;
			buildSettings = {
				ASSETCATALOG_COMPILER_APPICON_NAME = AppIcon;
				INFOPLIST_FILE = Recipez/Info.plist;
				LD_RUNPATH_SEARCH_PATHS = "$(inherited) @executable_path/Frameworks";
				PRODUCT_BUNDLE_IDENTIFIER = com.devPro.Recipez;
				PRODUCT_NAME = "$(TARGET_NAME)";
				SWIFT_VERSION = 3.0;
			};
			name = Debug;
		};
		1F7F161E1CE0DCA900BFBB57 /* Release */ = {
			isa = XCBuildConfiguration;
			buildSettings = {
				ASSETCATALOG_COMPILER_APPICON_NAME = AppIcon;
				INFOPLIST_FILE = Recipez/Info.plist;
				LD_RUNPATH_SEARCH_PATHS = "$(inherited) @executable_path/Frameworks";
				PRODUCT_BUNDLE_IDENTIFIER = com.devPro.Recipez;
				PRODUCT_NAME = "$(TARGET_NAME)";
				SWIFT_VERSION = 3.0;
			};
			name = Release;
		};
/* End XCBuildConfiguration section */

/* Begin XCConfigurationList section */
		1F7F16021CE0DCA900BFBB57 /* Build configuration list for PBXProject "Recipez" */ = {
			isa = XCConfigurationList;
			buildConfigurations = (
				1F7F161A1CE0DCA900BFBB57 /* Debug */,
				1F7F161B1CE0DCA900BFBB57 /* Release */,
			);
			defaultConfigurationIsVisible = 0;
			defaultConfigurationName = Release;
		};
		1F7F161C1CE0DCA900BFBB57 /* Build configuration list for PBXNativeTarget "Recipez" */ = {
			isa = XCConfigurationList;
			buildConfigurations = (
				1F7F161D1CE0DCA900BFBB57 /* Debug */,
				1F7F161E1CE0DCA900BFBB57 /* Release */,
			);
			defaultConfigurationIsVisible = 0;
			defaultConfigurationName = Release;
		};
/* End XCConfigurationList section */

/* Begin XCVersionGroup section */
		1F7F16111CE0DCA900BFBB57 /* Recipez.xcdatamodeld */ = {
			isa = XCVersionGroup;
			children = (
				1F7F16121CE0DCA900BFBB57 /* Recipez.xcdatamodel */,
			);
			currentVersion = 1F7F16121CE0DCA900BFBB57 /* Recipez.xcdatamodel */;
			path = Recipez.xcdatamodeld;
			sourceTree = "<group>";
			versionGroupType = wrapper.xcdatamodel;
		};
/* End XCVersionGroup section */
	};
	rootObject = 1F7F15FF1CE0DCA900BFBB57 /* Project object */;
}
